
Microsoft Visual Studio Solution File, Format Version 12.00
# Visual Studio Version 17
VisualStudioVersion = 17.4.33205.214
MinimumVisualStudioVersion = 10.0.40219.1
Project("{FAE04EC0-301F-11D3-BF4B-00C04F79EFBC}") = "AlwaysRequestSuitLocker", "AlwaysRequestSuitLocker\AlwaysRequestSuitLocker.csproj", "{DA51A5EA-0866-41A9-A90E-50AA784EE282}"
EndProject
Global
	GlobalSection(SolutionConfigurationPlatforms) = preSolution
		Debug|Any CPU = Debug|Any CPU
		Release|Any CPU = Release|Any CPU
	EndGlobalSection
	GlobalSection(ProjectConfigurationPlatforms) = postSolution
		{DA51A5EA-0866-41A9-A90E-50AA784EE282}.Debug|Any CPU.ActiveCfg = Debug|Any CPU
		{DA51A5EA-0866-41A9-A90E-50AA784EE282}.Debug|Any CPU.Build.0 = Debug|Any CPU
		{DA51A5EA-0866-41A9-A90E-50AA784EE282}.Release|Any CPU.ActiveCfg = Release|Any CPU
		{DA51A5EA-0866-41A9-A90E-50AA784EE282}.Release|Any CPU.Build.0 = Release|Any CPU
	EndGlobalSection
	GlobalSection(SolutionProperties) = preSolution
		HideSolutionNode = FALSE
	EndGlobalSection
	GlobalSection(ExtensibilityGlobals) = postSolution
		SolutionGuid = {2C8B7E1F-782F-4E11-BB6C-84E5822725AA}
	EndGlobalSection
EndGlobal
